
Microsoft Visual Studio Solution File, Format Version 12.00
# Visual Studio Version 17
VisualStudioVersion = 17.4.33122.133
MinimumVisualStudioVersion = 10.0.40219.1
Project("{FAE04EC0-301F-11D3-BF4B-00C04F79EFBC}") = "OnellectTest", "Onellect\OnellectTest.csproj", "{132498C5-9E51-4B7C-9987-A8CE438D054C}"
EndProject
Global
	GlobalSection(SolutionConfigurationPlatforms) = preSolution
		Debug|Any CPU = Debug|Any CPU
		Release|Any CPU = Release|Any CPU
	EndGlobalSection
	GlobalSection(ProjectConfigurationPlatforms) = postSolution
		{132498C5-9E51-4B7C-9987-A8CE438D054C}.Debug|Any CPU.ActiveCfg = Debug|Any CPU
		{132498C5-9E51-4B7C-9987-A8CE438D054C}.Debug|Any CPU.Build.0 = Debug|Any CPU
		{132498C5-9E51-4B7C-9987-A8CE438D054C}.Release|Any CPU.ActiveCfg = Release|Any CPU
		{132498C5-9E51-4B7C-9987-A8CE438D054C}.Release|Any CPU.Build.0 = Release|Any CPU
	EndGlobalSection
	GlobalSection(SolutionProperties) = preSolution
		HideSolutionNode = FALSE
	EndGlobalSection
	GlobalSection(ExtensibilityGlobals) = postSolution
		SolutionGuid = {4D3BEE26-E1DC-47D4-816D-A788D08C3D91}
	EndGlobalSection
EndGlobal
